
Microsoft Visual Studio Solution File, Format Version 12.00
# Visual Studio Version 17
VisualStudioVersion = 17.5.002.0
MinimumVisualStudioVersion = 10.0.40219.1
Project("{9A19103F-16F7-4668-BE54-9A1E7A4F7556}") = "Padaria", "Padaria\Padaria.csproj", "{99944582-9DC6-49EF-91E1-5F48A2AC0126}"
EndProject
Global
	GlobalSection(SolutionConfigurationPlatforms) = preSolution
		Debug|Any CPU = Debug|Any CPU
		Release|Any CPU = Release|Any CPU
	EndGlobalSection
	GlobalSection(ProjectConfigurationPlatforms) = postSolution
		{99944582-9DC6-49EF-91E1-5F48A2AC0126}.Debug|Any CPU.ActiveCfg = Debug|Any CPU
		{99944582-9DC6-49EF-91E1-5F48A2AC0126}.Debug|Any CPU.Build.0 = Debug|Any CPU
		{99944582-9DC6-49EF-91E1-5F48A2AC0126}.Release|Any CPU.ActiveCfg = Release|Any CPU
		{99944582-9DC6-49EF-91E1-5F48A2AC0126}.Release|Any CPU.Build.0 = Release|Any CPU
	EndGlobalSection
	GlobalSection(SolutionProperties) = preSolution
		HideSolutionNode = FALSE
	EndGlobalSection
	GlobalSection(ExtensibilityGlobals) = postSolution
		SolutionGuid = {E4D703B6-A047-4D3E-B6D7-7E6097EB66A0}
	EndGlobalSection
EndGlobal
